# This file is automatically @generated by Cargo.
# It is not intended for manual editing.
version = 4

[[package]]
name = "alarm-client"
version = "0.1.0"
dependencies = [
 "alarm_common",
]

[[package]]
name = "alarm_common"
version = "0.1.0"
dependencies = [
 "esm",
]

[[package]]
name = "esm"
version = "0.1.0"
